
Microsoft Visual Studio Solution File, Format Version 12.00
# Visual Studio Version 16
VisualStudioVersion = 16.0.32602.291
MinimumVisualStudioVersion = 10.0.40219.1
Project("{FAE04EC0-301F-11D3-BF4B-00C04F79EFBC}") = "TimePicker", "TimePicker.csproj", "{B3EF6394-CA66-4364-A775-12193386683D}"
EndProject
Global
	GlobalSection(SolutionConfigurationPlatforms) = preSolution
		Debug|Any CPU = Debug|Any CPU
		Release|Any CPU = Release|Any CPU
	EndGlobalSection
	GlobalSection(ProjectConfigurationPlatforms) = postSolution
		{B3EF6394-CA66-4364-A775-12193386683D}.Debug|Any CPU.ActiveCfg = Debug|Any CPU
		{B3EF6394-CA66-4364-A775-12193386683D}.Debug|Any CPU.Build.0 = Debug|Any CPU
		{B3EF6394-CA66-4364-A775-12193386683D}.Release|Any CPU.ActiveCfg = Release|Any CPU
		{B3EF6394-CA66-4364-A775-12193386683D}.Release|Any CPU.Build.0 = Release|Any CPU
	EndGlobalSection
	GlobalSection(SolutionProperties) = preSolution
		HideSolutionNode = FALSE
	EndGlobalSection
	GlobalSection(ExtensibilityGlobals) = postSolution
		SolutionGuid = {371B30B5-1B20-494D-89F4-13AC0DC48C64}
	EndGlobalSection
EndGlobal
